// !$*UTF8*$!
{
	archiveVersion = 1;
	classes = {
	};
	objectVersion = 77;
	objects = {

/* Begin PBXContainerItemProxy section */
		F03B88032D985774007BDF7A /* PBXContainerItemProxy */ = {
			isa = PBXContainerItemProxy;
			containerPortal = F03B87E42D985773007BDF7A /* Project object */;
			proxyType = 1;
			remoteGlobalIDString = F03B87EB2D985773007BDF7A;
			remoteInfo = LydiaTestdd;
		};
		F03B880D2D985774007BDF7A /* PBXContainerItemProxy */ = {
			isa = PBXContainerItemProxy;
			containerPortal = F03B87E42D985773007BDF7A /* Project object */;
			proxyType = 1;
			remoteGlobalIDString = F03B87EB2D985773007BDF7A;
			remoteInfo = LydiaTestdd;
		};
/* End PBXContainerItemProxy section */

/* Begin PBXFileReference section */
		F03B87EC2D985773007BDF7A /* LydiaTestdd.app */ = {isa = PBXFileReference; explicitFileType = wrapper.application; includeInIndex = 0; path = LydiaTestdd.app; sourceTree = BUILT_PRODUCTS_DIR; };
		F03B88022D985774007BDF7A /* LydiaTestddTests.xctest */ = {isa = PBXFileReference; explicitFileType = wrapper.cfbundle; includeInIndex = 0; path = LydiaTestddTests.xctest; sourceTree = BUILT_PRODUCTS_DIR; };
		F03B880C2D985774007BDF7A /* LydiaTestddUITests.xctest */ = {isa = PBXFileReference; explicitFileType = wrapper.cfbundle; includeInIndex = 0; path = LydiaTestddUITests.xctest; sourceTree = BUILT_PRODUCTS_DIR; };
/* End PBXFileReference section */

/* Begin PBXFileSystemSynchronizedBuildFileExceptionSet section */
		F03B88142D985774007BDF7A /* Exceptions for "LydiaTestdd" folder in "LydiaTestdd" target */ = {
			isa = PBXFileSystemSynchronizedBuildFileExceptionSet;
			membershipExceptions = (
				Info.plist,
			);
			target = F03B87EB2D985773007BDF7A /* LydiaTestdd */;
		};
/* End PBXFileSystemSynchronizedBuildFileExceptionSet section */

/* Begin PBXFileSystemSynchronizedRootGroup section */
		F03B87EE2D985773007BDF7A /* LydiaTestdd */ = {
			isa = PBXFileSystemSynchronizedRootGroup;
			exceptions = (
				F03B88142D985774007BDF7A /* Exceptions for "LydiaTestdd" folder in "LydiaTestdd" target */,
			);
			path = LydiaTestdd;
			sourceTree = "<group>";
		};
		F03B88052D985774007BDF7A /* LydiaTestddTests */ = {
			isa = PBXFileSystemSynchronizedRootGroup;
			path = LydiaTestddTests;
			sourceTree = "<group>";
		};
		F03B880F2D985774007BDF7A /* LydiaTestddUITests */ = {
			isa = PBXFileSystemSynchronizedRootGroup;
			path = LydiaTestddUITests;
			sourceTree = "<group>";
		};
/* End PBXFileSystemSynchronizedRootGroup section */

/* Begin PBXFrameworksBuildPhase section */
		F03B87E92D985773007BDF7A /* Frameworks */ = {
			isa = PBXFrameworksBuildPhase;
			buildActionMask = 2147483647;
			files = (
			);
			runOnlyForDeploymentPostprocessing = 0;
		};
		F03B87FF2D985774007BDF7A /* Frameworks */ = {
			isa = PBXFrameworksBuildPhase;
			buildActionMask = 2147483647;
			files = (
			);
			runOnlyForDeploymentPostprocessing = 0;
		};
		F03B88092D985774007BDF7A /* Frameworks */ = {
			isa = PBXFrameworksBuildPhase;
			buildActionMask = 2147483647;
			files = (
			);
			runOnlyForDeploymentPostprocessing = 0;
		};
/* End PBXFrameworksBuildPhase section */

/* Begin PBXGroup section */
		F03B87E32D985773007BDF7A = {
			isa = PBXGroup;
			children = (
				F03B87EE2D985773007BDF7A /* LydiaTestdd */,
				F03B88052D985774007BDF7A /* LydiaTestddTests */,
				F03B880F2D985774007BDF7A /* LydiaTestddUITests */,
				F03B87ED2D985773007BDF7A /* Products */,
			);
			sourceTree = "<group>";
		};
		F03B87ED2D985773007BDF7A /* Products */ = {
			isa = PBXGroup;
			children = (
				F03B87EC2D985773007BDF7A /* LydiaTestdd.app */,
				F03B88022D985774007BDF7A /* LydiaTestddTests.xctest */,
				F03B880C2D985774007BDF7A /* LydiaTestddUITests.xctest */,
			);
			name = Products;
			sourceTree = "<group>";
		};
/* End PBXGroup section */

/* Begin PBXNativeTarget section */
		F03B87EB2D985773007BDF7A /* LydiaTestdd */ = {
			isa = PBXNativeTarget;
			buildConfigurationList = F03B88152D985774007BDF7A /* Build configuration list for PBXNativeTarget "LydiaTestdd" */;
			buildPhases = (
				F03B87E82D985773007BDF7A /* Sources */,
				F03B87E92D985773007BDF7A /* Frameworks */,
				F03B87EA2D985773007BDF7A /* Resources */,
			);
			buildRules = (
			);
			dependencies = (
			);
			fileSystemSynchronizedGroups = (
				F03B87EE2D985773007BDF7A /* LydiaTestdd */,
			);
			name = LydiaTestdd;
			packageProductDependencies = (
			);
			productName = LydiaTestdd;
			productReference = F03B87EC2D985773007BDF7A /* LydiaTestdd.app */;
			productType = "com.apple.product-type.application";
		};
		F03B88012D985774007BDF7A /* LydiaTestddTests */ = {
			isa = PBXNativeTarget;
			buildConfigurationList = F03B881A2D985774007BDF7A /* Build configuration list for PBXNativeTarget "LydiaTestddTests" */;
			buildPhases = (
				F03B87FE2D985774007BDF7A /* Sources */,
				F03B87FF2D985774007BDF7A /* Frameworks */,
				F03B88002D985774007BDF7A /* Resources */,
			);
			buildRules = (
			);
			dependencies = (
				F03B88042D985774007BDF7A /* PBXTargetDependency */,
			);
			fileSystemSynchronizedGroups = (
				F03B88052D985774007BDF7A /* LydiaTestddTests */,
			);
			name = LydiaTestddTests;
			packageProductDependencies = (
			);
			productName = LydiaTestddTests;
			productReference = F03B88022D985774007BDF7A /* LydiaTestddTests.xctest */;
			productType = "com.apple.product-type.bundle.unit-test";
		};
		F03B880B2D985774007BDF7A /* LydiaTestddUITests */ = {
			isa = PBXNativeTarget;
			buildConfigurationList = F03B881D2D985774007BDF7A /* Build configuration list for PBXNativeTarget "LydiaTestddUITests" */;
			buildPhases = (
				F03B88082D985774007BDF7A /* Sources */,
				F03B88092D985774007BDF7A /* Frameworks */,
				F03B880A2D985774007BDF7A /* Resources */,
			);
			buildRules = (
			);
			dependencies = (
				F03B880E2D985774007BDF7A /* PBXTargetDependency */,
			);
			fileSystemSynchronizedGroups = (
				F03B880F2D985774007BDF7A /* LydiaTestddUITests */,
			);
			name = LydiaTestddUITests;
			packageProductDependencies = (
			);
			productName = LydiaTestddUITests;
			productReference = F03B880C2D985774007BDF7A /* LydiaTestddUITests.xctest */;
			productType = "com.apple.product-type.bundle.ui-testing";
		};
/* End PBXNativeTarget section */

/* Begin PBXProject section */
		F03B87E42D985773007BDF7A /* Project object */ = {
			isa = PBXProject;
			attributes = {
				BuildIndependentTargetsInParallel = 1;
				LastSwiftUpdateCheck = 1620;
				LastUpgradeCheck = 1620;
				TargetAttributes = {
					F03B87EB2D985773007BDF7A = {
						CreatedOnToolsVersion = 16.2;
					};
					F03B88012D985774007BDF7A = {
						CreatedOnToolsVersion = 16.2;
						TestTargetID = F03B87EB2D985773007BDF7A;
					};
					F03B880B2D985774007BDF7A = {
						CreatedOnToolsVersion = 16.2;
						TestTargetID = F03B87EB2D985773007BDF7A;
					};
				};
			};
			buildConfigurationList = F03B87E72D985773007BDF7A /* Build configuration list for PBXProject "LydiaTestdd" */;
			developmentRegion = en;
			hasScannedForEncodings = 0;
			knownRegions = (
				en,
				Base,
			);
			mainGroup = F03B87E32D985773007BDF7A;
			minimizedProjectReferenceProxies = 1;
			preferredProjectObjectVersion = 77;
			productRefGroup = F03B87ED2D985773007BDF7A /* Products */;
			projectDirPath = "";
			projectRoot = "";
			targets = (
				F03B87EB2D985773007BDF7A /* LydiaTestdd */,
				F03B88012D985774007BDF7A /* LydiaTestddTests */,
				F03B880B2D985774007BDF7A /* LydiaTestddUITests */,
			);
		};
/* End PBXProject section */

/* Begin PBXResourcesBuildPhase section */
		F03B87EA2D985773007BDF7A /* Resources */ = {
			isa = PBXResourcesBuildPhase;
			buildActionMask = 2147483647;
			files = (
			);
			runOnlyForDeploymentPostprocessing = 0;
		};
		F03B88002D985774007BDF7A /* Resources */ = {
			isa = PBXResourcesBuildPhase;
			buildActionMask = 2147483647;
			files = (
			);
			runOnlyForDeploymentPostprocessing = 0;
		};
		F03B880A2D985774007BDF7A /* Resources */ = {
			isa = PBXResourcesBuildPhase;
			buildActionMask = 2147483647;
			files = (
			);
			runOnlyForDeploymentPostprocessing = 0;
		};
/* End PBXResourcesBuildPhase section */

/* Begin PBXSourcesBuildPhase section */
		F03B87E82D985773007BDF7A /* Sources */ = {
			isa = PBXSourcesBuildPhase;
			buildActionMask = 2147483647;
			files = (
			);
			runOnlyForDeploymentPostprocessing = 0;
		};
		F03B87FE2D985774007BDF7A /* Sources */ = {
			isa = PBXSourcesBuildPhase;
			buildActionMask = 2147483647;
			files = (
			);
			runOnlyForDeploymentPostprocessing = 0;
		};
		F03B88082D985774007BDF7A /* Sources */ = {
			isa = PBXSourcesBuildPhase;
			buildActionMask = 2147483647;
			files = (
			);
			runOnlyForDeploymentPostprocessing = 0;
		};
/* End PBXSourcesBuildPhase section */

/* Begin PBXTargetDependency section */
		F03B88042D985774007BDF7A /* PBXTargetDependency */ = {
			isa = PBXTargetDependency;
			target = F03B87EB2D985773007BDF7A /* LydiaTestdd */;
			targetProxy = F03B88032D985774007BDF7A /* PBXContainerItemProxy */;
		};
		F03B880E2D985774007BDF7A /* PBXTargetDependency */ = {
			isa = PBXTargetDependency;
			target = F03B87EB2D985773007BDF7A /* LydiaTestdd */;
			targetProxy = F03B880D2D985774007BDF7A /* PBXContainerItemProxy */;
		};
/* End PBXTargetDependency section */

/* Begin XCBuildConfiguration section */
		F03B88162D985774007BDF7A /* Debug */ = {
			isa = XCBuildConfiguration;
			buildSettings = {
				ASSETCATALOG_COMPILER_APPICON_NAME = AppIcon;
				ASSETCATALOG_COMPILER_GLOBAL_ACCENT_COLOR_NAME = AccentColor;
				CODE_SIGN_STYLE = Automatic;
				CURRENT_PROJECT_VERSION = 1;
				DEVELOPMENT_TEAM = Y4DQ3K7CLR;
				GENERATE_INFOPLIST_FILE = YES;
				INFOPLIST_FILE = LydiaTestdd/Info.plist;
				INFOPLIST_KEY_UIApplicationSupportsIndirectInputEvents = YES;
				INFOPLIST_KEY_UILaunchStoryboardName = LaunchScreen;
				INFOPLIST_KEY_UISupportedInterfaceOrientations_iPad = "UIInterfaceOrientationPortrait UIInterfaceOrientationPortraitUpsideDown UIInterfaceOrientationLandscapeLeft UIInterfaceOrientationLandscapeRight";
				INFOPLIST_KEY_UISupportedInterfaceOrientations_iPhone = "UIInterfaceOrientationPortrait UIInterfaceOrientationLandscapeLeft UIInterfaceOrientationLandscapeRight";
				LD_RUNPATH_SEARCH_PATHS = (
					"$(inherited)",
					"@executable_path/Frameworks",
				);
				MARKETING_VERSION = 1.0;
				PRODUCT_BUNDLE_IDENTIFIER = bastien.LydiaTestdd;
				PRODUCT_NAME = "$(TARGET_NAME)";
				SWIFT_EMIT_LOC_STRINGS = YES;
				SWIFT_VERSION = 5.0;
				TARGETED_DEVICE_FAMILY = "1,2";
			};
			name = Debug;
		};
		F03B88172D985774007BDF7A /* Release */ = {
			isa = XCBuildConfiguration;
			buildSettings = {
				ASSETCATALOG_COMPILER_APPICON_NAME = AppIcon;
				ASSETCATALOG_COMPILER_GLOBAL_ACCENT_COLOR_NAME = AccentColor;
				CODE_SIGN_STYLE = Automatic;
				CURRENT_PROJECT_VERSION = 1;
				DEVELOPMENT_TEAM = Y4DQ3K7CLR;
				GENERATE_INFOPLIST_FILE = YES;
				INFOPLIST_FILE = LydiaTestdd/Info.plist;
				INFOPLIST_KEY_UIApplicationSupportsIndirectInputEvents = YES;
				INFOPLIST_KEY_UILaunchStoryboardName = LaunchScreen;
				INFOPLIST_KEY_UISupportedInterfaceOrientations_iPad = "UIInterfaceOrientationPortrait UIInterfaceOrientationPortraitUpsideDown UIInterfaceOrientationLandscapeLeft UIInterfaceOrientationLandscapeRight";
				INFOPLIST_KEY_UISupportedInterfaceOrientations_iPhone = "UIInterfaceOrientationPortrait UIInterfaceOrientationLandscapeLeft UIInterfaceOrientationLandscapeRight";
				LD_RUNPATH_SEARCH_PATHS = (
					"$(inherited)",
					"@executable_path/Frameworks",
				);
				MARKETING_VERSION = 1.0;
				PRODUCT_BUNDLE_IDENTIFIER = bastien.LydiaTestdd;
				PRODUCT_NAME = "$(TARGET_NAME)";
				SWIFT_EMIT_LOC_STRINGS = YES;
				SWIFT_VERSION = 5.0;
				TARGETED_DEVICE_FAMILY = "1,2";
			};
			name = Release;
		};
		F03B88182D985774007BDF7A /* Debug */ = {
			isa = XCBuildConfiguration;
			buildSettings = {
				ALWAYS_SEARCH_USER_PATHS = NO;
				ASSETCATALOG_COMPILER_GENERATE_SWIFT_ASSET_SYMBOL_EXTENSIONS = YES;
				CLANG_ANALYZER_NONNULL = YES;
				CLANG_ANALYZER_NUMBER_OBJECT_CONVERSION = YES_AGGRESSIVE;
				CLANG_CXX_LANGUAGE_STANDARD = "gnu++20";
				CLANG_ENABLE_MODULES = YES;
				CLANG_ENABLE_OBJC_ARC = YES;
				CLANG_ENABLE_OBJC_WEAK = YES;
				CLANG_WARN_BLOCK_CAPTURE_AUTORELEASING = YES;
				CLANG_WARN_BOOL_CONVERSION = YES;
				CLANG_WARN_COMMA = YES;
				CLANG_WARN_CONSTANT_CONVERSION = YES;
				CLANG_WARN_DEPRECATED_OBJC_IMPLEMENTATIONS = YES;
				CLANG_WARN_DIRECT_OBJC_ISA_USAGE = YES_ERROR;
				CLANG_WARN_DOCUMENTATION_COMMENTS = YES;
				CLANG_WARN_EMPTY_BODY = YES;
				CLANG_WARN_ENUM_CONVERSION = YES;
				CLANG_WARN_INFINITE_RECURSION = YES;
				CLANG_WARN_INT_CONVERSION = YES;
				CLANG_WARN_NON_LITERAL_NULL_CONVERSION = YES;
				CLANG_WARN_OBJC_IMPLICIT_RETAIN_SELF = YES;
				CLANG_WARN_OBJC_LITERAL_CONVERSION = YES;
				CLANG_WARN_OBJC_ROOT_CLASS = YES_ERROR;
				CLANG_WARN_QUOTED_INCLUDE_IN_FRAMEWORK_HEADER = YES;
				CLANG_WARN_RANGE_LOOP_ANALYSIS = YES;
				CLANG_WARN_STRICT_PROTOTYPES = YES;
				CLANG_WARN_SUSPICIOUS_MOVE = YES;
				CLANG_WARN_UNGUARDED_AVAILABILITY = YES_AGGRESSIVE;
				CLANG_WARN_UNREACHABLE_CODE = YES;
				CLANG_WARN__DUPLICATE_METHOD_MATCH = YES;
				COPY_PHASE_STRIP = NO;
				DEBUG_INFORMATION_FORMAT = dwarf;
				ENABLE_STRICT_OBJC_MSGSEND = YES;
				ENABLE_TESTABILITY = YES;
				ENABLE_USER_SCRIPT_SANDBOXING = YES;
				GCC_C_LANGUAGE_STANDARD = gnu17;
				GCC_DYNAMIC_NO_PIC = NO;
				GCC_NO_COMMON_BLOCKS = YES;
				GCC_OPTIMIZATION_LEVEL = 0;
				GCC_PREPROCESSOR_DEFINITIONS = (
					"DEBUG=1",
					"$(inherited)",
				);
				GCC_WARN_64_TO_32_BIT_CONVERSION = YES;
				GCC_WARN_ABOUT_RETURN_TYPE = YES_ERROR;
				GCC_WARN_UNDECLARED_SELECTOR = YES;
				GCC_WARN_UNINITIALIZED_AUTOS = YES_AGGRESSIVE;
				GCC_WARN_UNUSED_FUNCTION = YES;
				GCC_WARN_UNUSED_VARIABLE = YES;
				IPHONEOS_DEPLOYMENT_TARGET = 18.2;
				LOCALIZATION_PREFERS_STRING_CATALOGS = YES;
				MTL_ENABLE_DEBUG_INFO = INCLUDE_SOURCE;
				MTL_FAST_MATH = YES;
				ONLY_ACTIVE_ARCH = YES;
				SDKROOT = iphoneos;
				SWIFT_ACTIVE_COMPILATION_CONDITIONS = "DEBUG $(inherited)";
				SWIFT_OPTIMIZATION_LEVEL = "-Onone";
			};
			name = Debug;
		};
		F03B88192D985774007BDF7A /* Release */ = {
			isa = XCBuildConfiguration;
			buildSettings = {
				ALWAYS_SEARCH_USER_PATHS = NO;
				ASSETCATALOG_COMPILER_GENERATE_SWIFT_ASSET_SYMBOL_EXTENSIONS = YES;
				CLANG_ANALYZER_NONNULL = YES;
				CLANG_ANALYZER_NUMBER_OBJECT_CONVERSION = YES_AGGRESSIVE;
				CLANG_CXX_LANGUAGE_STANDARD = "gnu++20";
				CLANG_ENABLE_MODULES = YES;
				CLANG_ENABLE_OBJC_ARC = YES;
				CLANG_ENABLE_OBJC_WEAK = YES;
				CLANG_WARN_BLOCK_CAPTURE_AUTORELEASING = YES;
				CLANG_WARN_BOOL_CONVERSION = YES;
				CLANG_WARN_COMMA = YES;
				CLANG_WARN_CONSTANT_CONVERSION = YES;
				CLANG_WARN_DEPRECATED_OBJC_IMPLEMENTATIONS = YES;
				CLANG_WARN_DIRECT_OBJC_ISA_USAGE = YES_ERROR;
				CLANG_WARN_DOCUMENTATION_COMMENTS = YES;
				CLANG_WARN_EMPTY_BODY = YES;
				CLANG_WARN_ENUM_CONVERSION = YES;
				CLANG_WARN_INFINITE_RECURSION = YES;
				CLANG_WARN_INT_CONVERSION = YES;
				CLANG_WARN_NON_LITERAL_NULL_CONVERSION = YES;
				CLANG_WARN_OBJC_IMPLICIT_RETAIN_SELF = YES;
				CLANG_WARN_OBJC_LITERAL_CONVERSION = YES;
				CLANG_WARN_OBJC_ROOT_CLASS = YES_ERROR;
				CLANG_WARN_QUOTED_INCLUDE_IN_FRAMEWORK_HEADER = YES;
				CLANG_WARN_RANGE_LOOP_ANALYSIS = YES;
				CLANG_WARN_STRICT_PROTOTYPES = YES;
				CLANG_WARN_SUSPICIOUS_MOVE = YES;
				CLANG_WARN_UNGUARDED_AVAILABILITY = YES_AGGRESSIVE;
				CLANG_WARN_UNREACHABLE_CODE = YES;
				CLANG_WARN__DUPLICATE_METHOD_MATCH = YES;
				COPY_PHASE_STRIP = NO;
				DEBUG_INFORMATION_FORMAT = "dwarf-with-dsym";
				ENABLE_NS_ASSERTIONS = NO;
				ENABLE_STRICT_OBJC_MSGSEND = YES;
				ENABLE_USER_SCRIPT_SANDBOXING = YES;
				GCC_C_LANGUAGE_STANDARD = gnu17;
				GCC_NO_COMMON_BLOCKS = YES;
				GCC_WARN_64_TO_32_BIT_CONVERSION = YES;
				GCC_WARN_ABOUT_RETURN_TYPE = YES_ERROR;
				GCC_WARN_UNDECLARED_SELECTOR = YES;
				GCC_WARN_UNINITIALIZED_AUTOS = YES_AGGRESSIVE;
				GCC_WARN_UNUSED_FUNCTION = YES;
				GCC_WARN_UNUSED_VARIABLE = YES;
				IPHONEOS_DEPLOYMENT_TARGET = 18.2;
				LOCALIZATION_PREFERS_STRING_CATALOGS = YES;
				MTL_ENABLE_DEBUG_INFO = NO;
				MTL_FAST_MATH = YES;
				SDKROOT = iphoneos;
				SWIFT_COMPILATION_MODE = wholemodule;
				VALIDATE_PRODUCT = YES;
			};
			name = Release;
		};
		F03B881B2D985774007BDF7A /* Debug */ = {
			isa = XCBuildConfiguration;
			buildSettings = {
				BUNDLE_LOADER = "$(TEST_HOST)";
				CODE_SIGN_STYLE = Automatic;
				CURRENT_PROJECT_VERSION = 1;
				DEVELOPMENT_TEAM = Y4DQ3K7CLR;
				GENERATE_INFOPLIST_FILE = YES;
				IPHONEOS_DEPLOYMENT_TARGET = 18.2;
				MARKETING_VERSION = 1.0;
				PRODUCT_BUNDLE_IDENTIFIER = bastien.LydiaTestddTests;
				PRODUCT_NAME = "$(TARGET_NAME)";
				SWIFT_EMIT_LOC_STRINGS = NO;
				SWIFT_VERSION = 5.0;
				TARGETED_DEVICE_FAMILY = "1,2";
				TEST_HOST = "$(BUILT_PRODUCTS_DIR)/LydiaTestdd.app/$(BUNDLE_EXECUTABLE_FOLDER_PATH)/LydiaTestdd";
			};
			name = Debug;
		};
		F03B881C2D985774007BDF7A /* Release */ = {
			isa = XCBuildConfiguration;
			buildSettings = {
				BUNDLE_LOADER = "$(TEST_HOST)";
				CODE_SIGN_STYLE = Automatic;
				CURRENT_PROJECT_VERSION = 1;
				DEVELOPMENT_TEAM = Y4DQ3K7CLR;
				GENERATE_INFOPLIST_FILE = YES;
				IPHONEOS_DEPLOYMENT_TARGET = 18.2;
				MARKETING_VERSION = 1.0;
				PRODUCT_BUNDLE_IDENTIFIER = bastien.LydiaTestddTests;
				PRODUCT_NAME = "$(TARGET_NAME)";
				SWIFT_EMIT_LOC_STRINGS = NO;
				SWIFT_VERSION = 5.0;
				TARGETED_DEVICE_FAMILY = "1,2";
				TEST_HOST = "$(BUILT_PRODUCTS_DIR)/LydiaTestdd.app/$(BUNDLE_EXECUTABLE_FOLDER_PATH)/LydiaTestdd";
			};
			name = Release;
		};
		F03B881E2D985774007BDF7A /* Debug */ = {
			isa = XCBuildConfiguration;
			buildSettings = {
				CODE_SIGN_STYLE = Automatic;
				CURRENT_PROJECT_VERSION = 1;
				DEVELOPMENT_TEAM = Y4DQ3K7CLR;
				GENERATE_INFOPLIST_FILE = YES;
				MARKETING_VERSION = 1.0;
				PRODUCT_BUNDLE_IDENTIFIER = bastien.LydiaTestddUITests;
				PRODUCT_NAME = "$(TARGET_NAME)";
				SWIFT_EMIT_LOC_STRINGS = NO;
				SWIFT_VERSION = 5.0;
				TARGETED_DEVICE_FAMILY = "1,2";
				TEST_TARGET_NAME = LydiaTestdd;
			};
			name = Debug;
		};
		F03B881F2D985774007BDF7A /* Release */ = {
			isa = XCBuildConfiguration;
			buildSettings = {
				CODE_SIGN_STYLE = Automatic;
				CURRENT_PROJECT_VERSION = 1;
				DEVELOPMENT_TEAM = Y4DQ3K7CLR;
				GENERATE_INFOPLIST_FILE = YES;
				MARKETING_VERSION = 1.0;
				PRODUCT_BUNDLE_IDENTIFIER = bastien.LydiaTestddUITests;
				PRODUCT_NAME = "$(TARGET_NAME)";
				SWIFT_EMIT_LOC_STRINGS = NO;
				SWIFT_VERSION = 5.0;
				TARGETED_DEVICE_FAMILY = "1,2";
				TEST_TARGET_NAME = LydiaTestdd;
			};
			name = Release;
		};
/* End XCBuildConfiguration section */

/* Begin XCConfigurationList section */
		F03B87E72D985773007BDF7A /* Build configuration list for PBXProject "LydiaTestdd" */ = {
			isa = XCConfigurationList;
			buildConfigurations = (
				F03B88182D985774007BDF7A /* Debug */,
				F03B88192D985774007BDF7A /* Release */,
			);
			defaultConfigurationIsVisible = 0;
			defaultConfigurationName = Release;
		};
		F03B88152D985774007BDF7A /* Build configuration list for PBXNativeTarget "LydiaTestdd" */ = {
			isa = XCConfigurationList;
			buildConfigurations = (
				F03B88162D985774007BDF7A /* Debug */,
				F03B88172D985774007BDF7A /* Release */,
			);
			defaultConfigurationIsVisible = 0;
			defaultConfigurationName = Release;
		};
		F03B881A2D985774007BDF7A /* Build configuration list for PBXNativeTarget "LydiaTestddTests" */ = {
			isa = XCConfigurationList;
			buildConfigurations = (
				F03B881B2D985774007BDF7A /* Debug */,
				F03B881C2D985774007BDF7A /* Release */,
			);
			defaultConfigurationIsVisible = 0;
			defaultConfigurationName = Release;
		};
		F03B881D2D985774007BDF7A /* Build configuration list for PBXNativeTarget "LydiaTestddUITests" */ = {
			isa = XCConfigurationList;
			buildConfigurations = (
				F03B881E2D985774007BDF7A /* Debug */,
				F03B881F2D985774007BDF7A /* Release */,
			);
			defaultConfigurationIsVisible = 0;
			defaultConfigurationName = Release;
		};
/* End XCConfigurationList section */
	};
	rootObject = F03B87E42D985773007BDF7A /* Project object */;
}
